
Microsoft Visual Studio Solution File, Format Version 12.00
# Visual Studio Version 17
VisualStudioVersion = 17.3.32825.248
MinimumVisualStudioVersion = 10.0.40219.1
Project("{FAE04EC0-301F-11D3-BF4B-00C04F79EFBC}") = "MicrosoftIdentityWeb", "MicrosoftIdentityWeb.csproj", "{5355B88A-920E-407A-9231-84064C6F7121}"
EndProject
Global
	GlobalSection(SolutionConfigurationPlatforms) = preSolution
		Debug|Any CPU = Debug|Any CPU
		Release|Any CPU = Release|Any CPU
	EndGlobalSection
	GlobalSection(ProjectConfigurationPlatforms) = postSolution
		{5355B88A-920E-407A-9231-84064C6F7121}.Debug|Any CPU.ActiveCfg = Debug|Any CPU
		{5355B88A-920E-407A-9231-84064C6F7121}.Debug|Any CPU.Build.0 = Debug|Any CPU
		{5355B88A-920E-407A-9231-84064C6F7121}.Release|Any CPU.ActiveCfg = Release|Any CPU
		{5355B88A-920E-407A-9231-84064C6F7121}.Release|Any CPU.Build.0 = Release|Any CPU
	EndGlobalSection
	GlobalSection(SolutionProperties) = preSolution
		HideSolutionNode = FALSE
	EndGlobalSection
	GlobalSection(ExtensibilityGlobals) = postSolution
		SolutionGuid = {C1D4B490-503B-4C03-9815-A7300EAB7CD8}
	EndGlobalSection
EndGlobal
